# This file is automatically @generated by Cargo.
# It is not intended for manual editing.
version = 4

[[package]]
name = "use-sql"
version = "0.1.0"
dependencies = [
 "use-sql-clause",
 "use-sql-column",
 "use-sql-constraint",
 "use-sql-dialect",
 "use-sql-expression",
 "use-sql-ident",
 "use-sql-keyword",
 "use-sql-operator",
 "use-sql-param",
 "use-sql-query",
 "use-sql-schema",
 "use-sql-table",
 "use-sql-type",
 "use-sql-value",
]

[[package]]
name = "use-sql-clause"
version = "0.1.0"

[[package]]
name = "use-sql-column"
version = "0.1.0"
dependencies = [
 "use-sql-ident",
 "use-sql-table",
]

[[package]]
name = "use-sql-constraint"
version = "0.1.0"
dependencies = [
 "use-sql-ident",
]

[[package]]
name = "use-sql-dialect"
version = "0.1.0"

[[package]]
name = "use-sql-expression"
version = "0.1.0"
dependencies = [
 "use-sql-column",
 "use-sql-ident",
 "use-sql-operator",
 "use-sql-param",
 "use-sql-value",
]

[[package]]
name = "use-sql-ident"
version = "0.1.0"

[[package]]
name = "use-sql-keyword"
version = "0.1.0"

[[package]]
name = "use-sql-operator"
version = "0.1.0"

[[package]]
name = "use-sql-param"
version = "0.1.0"
dependencies = [
 "use-sql-ident",
]

[[package]]
name = "use-sql-query"
version = "0.1.0"

[[package]]
name = "use-sql-schema"
version = "0.1.0"
dependencies = [
 "use-sql-ident",
]

[[package]]
name = "use-sql-table"
version = "0.1.0"
dependencies = [
 "use-sql-ident",
 "use-sql-schema",
]

[[package]]
name = "use-sql-type"
version = "0.1.0"

[[package]]
name = "use-sql-value"
version = "0.1.0"
